
Microsoft Visual Studio Solution File, Format Version 12.00
# Visual Studio 15
VisualStudioVersion = 15.0.28307.136
MinimumVisualStudioVersion = 10.0.40219.1
Project("{FAE04EC0-301F-11D3-BF4B-00C04F79EFBC}") = "BlackJack_Card_Game", "BlackJack_Card_Game\BlackJack_Card_Game.csproj", "{4581CDDE-55EC-4DA5-942C-7C8AD6FCC80F}"
EndProject
Project("{FAE04EC0-301F-11D3-BF4B-00C04F79EFBC}") = "BlackJack_Card_Game_ClassLibrary", "BlackJack_Card_Game_ClassLibrary\BlackJack_Card_Game_ClassLibrary.csproj", "{E442BBDB-710F-4CBE-9238-F248392A7483}"
EndProject
Global
	GlobalSection(SolutionConfigurationPlatforms) = preSolution
		Debug|Any CPU = Debug|Any CPU
		Release|Any CPU = Release|Any CPU
	EndGlobalSection
	GlobalSection(ProjectConfigurationPlatforms) = postSolution
		{4581CDDE-55EC-4DA5-942C-7C8AD6FCC80F}.Debug|Any CPU.ActiveCfg = Debug|Any CPU
		{4581CDDE-55EC-4DA5-942C-7C8AD6FCC80F}.Debug|Any CPU.Build.0 = Debug|Any CPU
		{4581CDDE-55EC-4DA5-942C-7C8AD6FCC80F}.Release|Any CPU.ActiveCfg = Release|Any CPU
		{4581CDDE-55EC-4DA5-942C-7C8AD6FCC80F}.Release|Any CPU.Build.0 = Release|Any CPU
		{E442BBDB-710F-4CBE-9238-F248392A7483}.Debug|Any CPU.ActiveCfg = Debug|Any CPU
		{E442BBDB-710F-4CBE-9238-F248392A7483}.Debug|Any CPU.Build.0 = Debug|Any CPU
		{E442BBDB-710F-4CBE-9238-F248392A7483}.Release|Any CPU.ActiveCfg = Release|Any CPU
		{E442BBDB-710F-4CBE-9238-F248392A7483}.Release|Any CPU.Build.0 = Release|Any CPU
	EndGlobalSection
	GlobalSection(SolutionProperties) = preSolution
		HideSolutionNode = FALSE
	EndGlobalSection
	GlobalSection(ExtensibilityGlobals) = postSolution
		SolutionGuid = {27F3B10A-1540-49CA-98A1-8D9FA72DB0CC}
	EndGlobalSection
EndGlobal
